# This file is generated by running "yarn install" inside your project.
# Manual changes might be lost - proceed with caution!

__metadata:
  version: 8
  cacheKey: 10c0

"@types/node@npm:^22.10.5":
  version: 22.10.5
  resolution: "@types/node@npm:22.10.5"
  dependencies:
    undici-types: "npm:~6.20.0"
  checksum: 10c0/6a0e7d1fe6a86ef6ee19c3c6af4c15542e61aea2f4cee655b6252efb356795f1f228bc8299921e82924e80ff8eca29b74d9dd0dd5cc1a90983f892f740b480df
  languageName: node
  linkType: hard

"csv-parser@npm:^3.1.0":
  version: 3.1.0
  resolution: "csv-parser@npm:3.1.0"
  bin:
    csv-parser: bin/csv-parser
  checksum: 10c0/53a4b5d122556e3f8ab65250932b38917fca5c3f0e647e00a4a2829540e550bdb4e4e3bfa1188c9a043209fba65bcff3a7b306df976f9767390b730fccafed68
  languageName: node
  linkType: hard

"stocks-income@workspace:.":
  version: 0.0.0-use.local
  resolution: "stocks-income@workspace:."
  dependencies:
    "@types/node": "npm:^22.10.5"
    csv-parser: "npm:^3.1.0"
  languageName: unknown
  linkType: soft

"undici-types@npm:~6.20.0":
  version: 6.20.0
  resolution: "undici-types@npm:6.20.0"
  checksum: 10c0/68e659a98898d6a836a9a59e6adf14a5d799707f5ea629433e025ac90d239f75e408e2e5ff086afc3cace26f8b26ee52155293564593fbb4a2f666af57fc59bf
  languageName: node
  linkType: hard
